
Microsoft Visual Studio Solution File, Format Version 12.00
# Visual Studio 15
VisualStudioVersion = 15.0.27130.2020
MinimumVisualStudioVersion = 10.0.40219.1
Project("{FAE04EC0-301F-11D3-BF4B-00C04F79EFBC}") = "WebApplication1", "WebApplication1\WebApplication1.csproj", "{390400AD-FE2E-4AC5-853E-4B7D0A4E6AD5}"
EndProject
Global
	GlobalSection(SolutionConfigurationPlatforms) = preSolution
		Debug|Any CPU = Debug|Any CPU
		Release|Any CPU = Release|Any CPU
	EndGlobalSection
	GlobalSection(ProjectConfigurationPlatforms) = postSolution
		{390400AD-FE2E-4AC5-853E-4B7D0A4E6AD5}.Debug|Any CPU.ActiveCfg = Debug|Any CPU
		{390400AD-FE2E-4AC5-853E-4B7D0A4E6AD5}.Debug|Any CPU.Build.0 = Debug|Any CPU
		{390400AD-FE2E-4AC5-853E-4B7D0A4E6AD5}.Release|Any CPU.ActiveCfg = Release|Any CPU
		{390400AD-FE2E-4AC5-853E-4B7D0A4E6AD5}.Release|Any CPU.Build.0 = Release|Any CPU
	EndGlobalSection
	GlobalSection(SolutionProperties) = preSolution
		HideSolutionNode = FALSE
	EndGlobalSection
	GlobalSection(ExtensibilityGlobals) = postSolution
		SolutionGuid = {E767B8D8-E530-4E2F-8C8F-6B239218224A}
	EndGlobalSection
EndGlobal
